
Microsoft Visual Studio Solution File, Format Version 12.00
# Visual Studio 2013
VisualStudioVersion = 12.0.31101.0
MinimumVisualStudioVersion = 10.0.40219.1
Project("{FAE04EC0-301F-11D3-BF4B-00C04F79EFBC}") = "MegaPowerASP_NET_MVC", "MegaPowerASP_NET_MVC\MegaPowerASP_NET_MVC.csproj", "{D0978570-846A-4CEB-90E2-B99C4FD0D13E}"
EndProject
Global
	GlobalSection(SolutionConfigurationPlatforms) = preSolution
		Debug|Any CPU = Debug|Any CPU
		Release|Any CPU = Release|Any CPU
	EndGlobalSection
	GlobalSection(ProjectConfigurationPlatforms) = postSolution
		{D0978570-846A-4CEB-90E2-B99C4FD0D13E}.Debug|Any CPU.ActiveCfg = Debug|Any CPU
		{D0978570-846A-4CEB-90E2-B99C4FD0D13E}.Debug|Any CPU.Build.0 = Debug|Any CPU
		{D0978570-846A-4CEB-90E2-B99C4FD0D13E}.Release|Any CPU.ActiveCfg = Release|Any CPU
		{D0978570-846A-4CEB-90E2-B99C4FD0D13E}.Release|Any CPU.Build.0 = Release|Any CPU
	EndGlobalSection
	GlobalSection(SolutionProperties) = preSolution
		HideSolutionNode = FALSE
	EndGlobalSection
EndGlobal
